// !$*UTF8*$!
{
	archiveVersion = 1;
	classes = {
	};
	objectVersion = 46;
	objects = {

/* Begin PBXBuildFile section */
		4292A94813F97E130059CF7D /* UIKit.framework in Frameworks */ = {isa = PBXBuildFile; fileRef = 4292A94713F97E130059CF7D /* UIKit.framework */; };
		4292A94A13F97E130059CF7D /* Foundation.framework in Frameworks */ = {isa = PBXBuildFile; fileRef = 4292A94913F97E130059CF7D /* Foundation.framework */; };
		4292A94C13F97E130059CF7D /* CoreGraphics.framework in Frameworks */ = {isa = PBXBuildFile; fileRef = 4292A94B13F97E130059CF7D /* CoreGraphics.framework */; };
		4292A95213F97E130059CF7D /* InfoPlist.strings in Resources */ = {isa = PBXBuildFile; fileRef = 4292A95013F97E130059CF7D /* InfoPlist.strings */; };
		4292A95513F97E130059CF7D /* main.m in Sources */ = {isa = PBXBuildFile; fileRef = 4292A95413F97E130059CF7D /* main.m */; };
		4292A95813F97E130059CF7D /* SparkViewerAppDelegate.m in Sources */ = {isa = PBXBuildFile; fileRef = 4292A95713F97E130059CF7D /* SparkViewerAppDelegate.m */; };
		4292A95B13F97E130059CF7D /* MainWindow.xib in Resources */ = {isa = PBXBuildFile; fileRef = 4292A95913F97E130059CF7D /* MainWindow.xib */; };
/* End PBXBuildFile section */

/* Begin PBXFileReference section */
		4292A94313F97E130059CF7D /* SparkViewer.app */ = {isa = PBXFileReference; explicitFileType = wrapper.application; includeInIndex = 0; path = SparkViewer.app; sourceTree = BUILT_PRODUCTS_DIR; };
		4292A94713F97E130059CF7D /* UIKit.framework */ = {isa = PBXFileReference; lastKnownFileType = wrapper.framework; name = UIKit.framework; path = System/Library/Frameworks/UIKit.framework; sourceTree = SDKROOT; };
		4292A94913F97E130059CF7D /* Foundation.framework */ = {isa = PBXFileReference; lastKnownFileType = wrapper.framework; name = Foundation.framework; path = System/Library/Frameworks/Foundation.framework; sourceTree = SDKROOT; };
		4292A94B13F97E130059CF7D /* CoreGraphics.framework */ = {isa = PBXFileReference; lastKnownFileType = wrapper.framework; name = CoreGraphics.framework; path = System/Library/Frameworks/CoreGraphics.framework; sourceTree = SDKROOT; };
		4292A94F13F97E130059CF7D /* SparkViewer-Info.plist */ = {isa = PBXFileReference; path = "SparkViewer-Info.plist"; sourceTree = "<group>"; };
		4292A95113F97E130059CF7D /* en */ = {isa = PBXFileReference; lastKnownFileType = text.plist.strings; name = en; path = en.lproj/InfoPlist.strings; sourceTree = "<group>"; };
		4292A95313F97E130059CF7D /* SparkViewer-Prefix.pch */ = {isa = PBXFileReference; path = "SparkViewer-Prefix.pch"; sourceTree = "<group>"; };
		4292A95413F97E130059CF7D /* main.m */ = {isa = PBXFileReference; lastKnownFileType = sourcecode.c.objc; path = main.m; sourceTree = "<group>"; };
		4292A95613F97E130059CF7D /* SparkViewerAppDelegate.h */ = {isa = PBXFileReference; path = SparkViewerAppDelegate.h; sourceTree = "<group>"; };
		4292A95713F97E130059CF7D /* SparkViewerAppDelegate.m */ = {isa = PBXFileReference; lastKnownFileType = sourcecode.c.objc; path = SparkViewerAppDelegate.m; sourceTree = "<group>"; };
		4292A95A13F97E130059CF7D /* en */ = {isa = PBXFileReference; lastKnownFileType = file.xib; name = en; path = en.lproj/MainWindow.xib; sourceTree = "<group>"; };
/* End PBXFileReference section */

/* Begin PBXFrameworksBuildPhase section */
		4292A94013F97E130059CF7D /* Frameworks */ = {
			isa = PBXFrameworksBuildPhase;
			buildActionMask = 2147483647;
			files = (
				4292A94813F97E130059CF7D /* UIKit.framework in Frameworks */,
				4292A94A13F97E130059CF7D /* Foundation.framework in Frameworks */,
				4292A94C13F97E130059CF7D /* CoreGraphics.framework in Frameworks */,
			);
			runOnlyForDeploymentPostprocessing = 0;
		};
/* End PBXFrameworksBuildPhase section */

/* Begin PBXGroup section */
		4292A93813F97E130059CF7D = {
			isa = PBXGroup;
			children = (
				4292A94D13F97E130059CF7D /* SparkViewer */,
				4292A94613F97E130059CF7D /* Frameworks */,
				4292A94413F97E130059CF7D /* Products */,
			);
			sourceTree = "<group>";
		};
		4292A94413F97E130059CF7D /* Products */ = {
			isa = PBXGroup;
			children = (
				4292A94313F97E130059CF7D /* SparkViewer.app */,
			);
			name = Products;
			sourceTree = "<group>";
		};
		4292A94613F97E130059CF7D /* Frameworks */ = {
			isa = PBXGroup;
			children = (
				4292A94713F97E130059CF7D /* UIKit.framework */,
				4292A94913F97E130059CF7D /* Foundation.framework */,
				4292A94B13F97E130059CF7D /* CoreGraphics.framework */,
			);
			name = Frameworks;
			sourceTree = "<group>";
		};
		4292A94D13F97E130059CF7D /* SparkViewer */ = {
			isa = PBXGroup;
			children = (
				4292A95613F97E130059CF7D /* SparkViewerAppDelegate.h */,
				4292A95713F97E130059CF7D /* SparkViewerAppDelegate.m */,
				4292A95913F97E130059CF7D /* MainWindow.xib */,
				4292A94E13F97E130059CF7D /* Supporting Files */,
			);
			path = SparkViewer;
			sourceTree = "<group>";
		};
		4292A94E13F97E130059CF7D /* Supporting Files */ = {
			isa = PBXGroup;
			children = (
				4292A94F13F97E130059CF7D /* SparkViewer-Info.plist */,
				4292A95013F97E130059CF7D /* InfoPlist.strings */,
				4292A95313F97E130059CF7D /* SparkViewer-Prefix.pch */,
				4292A95413F97E130059CF7D /* main.m */,
			);
			name = "Supporting Files";
			sourceTree = "<group>";
		};
/* End PBXGroup section */

/* Begin PBXNativeTarget section */
		4292A94213F97E130059CF7D /* SparkViewer */ = {
			isa = PBXNativeTarget;
			buildConfigurationList = 4292A95E13F97E130059CF7D /* Build configuration list for PBXNativeTarget "SparkViewer" */;
			buildPhases = (
				4292A93F13F97E130059CF7D /* Sources */,
				4292A94013F97E130059CF7D /* Frameworks */,
				4292A94113F97E130059CF7D /* Resources */,
			);
			buildRules = (
			);
			dependencies = (
			);
			name = SparkViewer;
			productName = SparkViewer;
			productReference = 4292A94313F97E130059CF7D /* SparkViewer.app */;
			productType = "com.apple.product-type.application";
		};
/* End PBXNativeTarget section */

/* Begin PBXProject section */
		4292A93A13F97E130059CF7D /* Project object */ = {
			isa = PBXProject;
			buildConfigurationList = 4292A93D13F97E130059CF7D /* Build configuration list for PBXProject "SparkViewer" */;
			compatibilityVersion = "Xcode 3.2";
			developmentRegion = English;
			hasScannedForEncodings = 0;
			knownRegions = (
				en,
			);
			mainGroup = 4292A93813F97E130059CF7D;
			productRefGroup = 4292A94413F97E130059CF7D /* Products */;
			projectDirPath = "";
			projectRoot = "";
			targets = (
				4292A94213F97E130059CF7D /* SparkViewer */,
			);
		};
/* End PBXProject section */

/* Begin PBXResourcesBuildPhase section */
		4292A94113F97E130059CF7D /* Resources */ = {
			isa = PBXResourcesBuildPhase;
			buildActionMask = 2147483647;
			files = (
				4292A95213F97E130059CF7D /* InfoPlist.strings in Resources */,
				4292A95B13F97E130059CF7D /* MainWindow.xib in Resources */,
			);
			runOnlyForDeploymentPostprocessing = 0;
		};
/* End PBXResourcesBuildPhase section */

/* Begin PBXSourcesBuildPhase section */
		4292A93F13F97E130059CF7D /* Sources */ = {
			isa = PBXSourcesBuildPhase;
			buildActionMask = 2147483647;
			files = (
				4292A95513F97E130059CF7D /* main.m in Sources */,
				4292A95813F97E130059CF7D /* SparkViewerAppDelegate.m in Sources */,
			);
			runOnlyForDeploymentPostprocessing = 0;
		};
/* End PBXSourcesBuildPhase section */

/* Begin PBXVariantGroup section */
		4292A95013F97E130059CF7D /* InfoPlist.strings */ = {
			isa = PBXVariantGroup;
			children = (
				4292A95113F97E130059CF7D /* en */,
			);
			name = InfoPlist.strings;
			sourceTree = "<group>";
		};
		4292A95913F97E130059CF7D /* MainWindow.xib */ = {
			isa = PBXVariantGroup;
			children = (
				4292A95A13F97E130059CF7D /* en */,
			);
			name = MainWindow.xib;
			sourceTree = "<group>";
		};
/* End PBXVariantGroup section */

/* Begin XCBuildConfiguration section */
		4292A95C13F97E130059CF7D /* Debug */ = {
			isa = XCBuildConfiguration;
			buildSettings = {
				ARCHS = "$(ARCHS_UNIVERSAL_IPHONE_OS)";
				"CODE_SIGN_IDENTITY[sdk=iphoneos*]" = "iPhone Developer";
				GCC_C_LANGUAGE_STANDARD = gnu99;
				GCC_OPTIMIZATION_LEVEL = 0;
				GCC_PREPROCESSOR_DEFINITIONS = DEBUG;
				GCC_SYMBOLS_PRIVATE_EXTERN = NO;
				GCC_VERSION = com.apple.compilers.llvmgcc42;
				GCC_WARN_ABOUT_RETURN_TYPE = YES;
				GCC_WARN_UNUSED_VARIABLE = YES;
				IPHONEOS_DEPLOYMENT_TARGET = 4.3;
				SDKROOT = iphoneos;
				TARGETED_DEVICE_FAMILY = 2;
			};
			name = Debug;
		};
		4292A95D13F97E130059CF7D /* Release */ = {
			isa = XCBuildConfiguration;
			buildSettings = {
				ARCHS = "$(ARCHS_UNIVERSAL_IPHONE_OS)";
				"CODE_SIGN_IDENTITY[sdk=iphoneos*]" = "iPhone Developer";
				GCC_C_LANGUAGE_STANDARD = gnu99;
				GCC_VERSION = com.apple.compilers.llvmgcc42;
				GCC_WARN_ABOUT_RETURN_TYPE = YES;
				GCC_WARN_UNUSED_VARIABLE = YES;
				IPHONEOS_DEPLOYMENT_TARGET = 4.3;
				OTHER_CFLAGS = "-DNS_BLOCK_ASSERTIONS=1";
				SDKROOT = iphoneos;
				TARGETED_DEVICE_FAMILY = 2;
			};
			name = Release;
		};
		4292A95F13F97E130059CF7D /* Debug */ = {
			isa = XCBuildConfiguration;
			buildSettings = {
				ALWAYS_SEARCH_USER_PATHS = NO;
				COPY_PHASE_STRIP = NO;
				GCC_DYNAMIC_NO_PIC = NO;
				GCC_PRECOMPILE_PREFIX_HEADER = YES;
				GCC_PREFIX_HEADER = "SparkViewer/SparkViewer-Prefix.pch";
				INFOPLIST_FILE = "SparkViewer/SparkViewer-Info.plist";
				PRODUCT_NAME = "$(TARGET_NAME)";
				WRAPPER_EXTENSION = app;
			};
			name = Debug;
		};
		4292A96013F97E130059CF7D /* Release */ = {
			isa = XCBuildConfiguration;
			buildSettings = {
				ALWAYS_SEARCH_USER_PATHS = NO;
				COPY_PHASE_STRIP = YES;
				GCC_PRECOMPILE_PREFIX_HEADER = YES;
				GCC_PREFIX_HEADER = "SparkViewer/SparkViewer-Prefix.pch";
				INFOPLIST_FILE = "SparkViewer/SparkViewer-Info.plist";
				PRODUCT_NAME = "$(TARGET_NAME)";
				VALIDATE_PRODUCT = YES;
				WRAPPER_EXTENSION = app;
			};
			name = Release;
		};
/* End XCBuildConfiguration section */

/* Begin XCConfigurationList section */
		4292A93D13F97E130059CF7D /* Build configuration list for PBXProject "SparkViewer" */ = {
			isa = XCConfigurationList;
			buildConfigurations = (
				4292A95C13F97E130059CF7D /* Debug */,
				4292A95D13F97E130059CF7D /* Release */,
			);
			defaultConfigurationIsVisible = 0;
			defaultConfigurationName = Release;
		};
		4292A95E13F97E130059CF7D /* Build configuration list for PBXNativeTarget "SparkViewer" */ = {
			isa = XCConfigurationList;
			buildConfigurations = (
				4292A95F13F97E130059CF7D /* Debug */,
				4292A96013F97E130059CF7D /* Release */,
			);
			defaultConfigurationIsVisible = 0;
		};
/* End XCConfigurationList section */
	};
	rootObject = 4292A93A13F97E130059CF7D /* Project object */;
}
