// !$*UTF8*$!
{
	archiveVersion = 1;
	classes = {
	};
	objectVersion = 46;
	objects = {

/* Begin PBXBuildFile section */
		421870D013EFE38A00AC6498 /* test_image.png in Resources */ = {isa = PBXBuildFile; fileRef = 421870CF13EFE38A00AC6498 /* test_image.png */; };
		42FE04CD13EAD10B00694837 /* UIKit.framework in Frameworks */ = {isa = PBXBuildFile; fileRef = 42FE04CC13EAD10B00694837 /* UIKit.framework */; };
		42FE04CF13EAD10B00694837 /* Foundation.framework in Frameworks */ = {isa = PBXBuildFile; fileRef = 42FE04CE13EAD10B00694837 /* Foundation.framework */; };
		42FE04D113EAD10B00694837 /* CoreGraphics.framework in Frameworks */ = {isa = PBXBuildFile; fileRef = 42FE04D013EAD10B00694837 /* CoreGraphics.framework */; };
		42FE04D713EAD10B00694837 /* InfoPlist.strings in Resources */ = {isa = PBXBuildFile; fileRef = 42FE04D513EAD10B00694837 /* InfoPlist.strings */; };
		42FE04DA13EAD10B00694837 /* main.m in Sources */ = {isa = PBXBuildFile; fileRef = 42FE04D913EAD10B00694837 /* main.m */; };
		42FE04DD13EAD10C00694837 /* SparkViewerAppDelegate.m in Sources */ = {isa = PBXBuildFile; fileRef = 42FE04DC13EAD10C00694837 /* SparkViewerAppDelegate.m */; };
		42FE04E013EAD10C00694837 /* MainWindow.xib in Resources */ = {isa = PBXBuildFile; fileRef = 42FE04DE13EAD10C00694837 /* MainWindow.xib */; };
		42FE04E313EAD10C00694837 /* SparkViewerViewController.mm in Sources */ = {isa = PBXBuildFile; fileRef = 42FE04E213EAD10C00694837 /* SparkViewerViewController.mm */; };
		42FE04E613EAD10C00694837 /* SparkViewerViewController.xib in Resources */ = {isa = PBXBuildFile; fileRef = 42FE04E413EAD10C00694837 /* SparkViewerViewController.xib */; };
		42FE04ED13EAD10C00694837 /* UIKit.framework in Frameworks */ = {isa = PBXBuildFile; fileRef = 42FE04CC13EAD10B00694837 /* UIKit.framework */; };
		42FE04EE13EAD10C00694837 /* Foundation.framework in Frameworks */ = {isa = PBXBuildFile; fileRef = 42FE04CE13EAD10B00694837 /* Foundation.framework */; };
		42FE04EF13EAD10C00694837 /* CoreGraphics.framework in Frameworks */ = {isa = PBXBuildFile; fileRef = 42FE04D013EAD10B00694837 /* CoreGraphics.framework */; };
		42FE04F713EAD10C00694837 /* InfoPlist.strings in Resources */ = {isa = PBXBuildFile; fileRef = 42FE04F513EAD10C00694837 /* InfoPlist.strings */; };
		42FE04FA13EAD10D00694837 /* SparkViewerTests.h in Resources */ = {isa = PBXBuildFile; fileRef = 42FE04F913EAD10D00694837 /* SparkViewerTests.h */; };
		42FE04FC13EAD10D00694837 /* SparkViewerTests.m in Sources */ = {isa = PBXBuildFile; fileRef = 42FE04FB13EAD10D00694837 /* SparkViewerTests.m */; };
		42FE067A13EBDE5400694837 /* CppEntry.cpp in Sources */ = {isa = PBXBuildFile; fileRef = 42FE067113EBDE5400694837 /* CppEntry.cpp */; };
		42FE067B13EBDE5400694837 /* XMLNode.cpp in Sources */ = {isa = PBXBuildFile; fileRef = 42FE067413EBDE5400694837 /* XMLNode.cpp */; };
		42FE067C13EBDE5400694837 /* XMLUtils.cpp in Sources */ = {isa = PBXBuildFile; fileRef = 42FE067613EBDE5400694837 /* XMLUtils.cpp */; };
		42FE068013EBDFA900694837 /* libxml2.dylib in Frameworks */ = {isa = PBXBuildFile; fileRef = 42FE067F13EBDFA900694837 /* libxml2.dylib */; };
		42FE068D13EBEA9200694837 /* test.spark in Resources */ = {isa = PBXBuildFile; fileRef = 42FE068C13EBEA9200694837 /* test.spark */; };
/* End PBXBuildFile section */

/* Begin PBXContainerItemProxy section */
		42FE04F013EAD10C00694837 /* PBXContainerItemProxy */ = {
			isa = PBXContainerItemProxy;
			containerPortal = 42FE04BF13EAD10B00694837 /* Project object */;
			proxyType = 1;
			remoteGlobalIDString = 42FE04C713EAD10B00694837;
			remoteInfo = SparkViewer;
		};
/* End PBXContainerItemProxy section */

/* Begin PBXFileReference section */
		421870CF13EFE38A00AC6498 /* test_image.png */ = {isa = PBXFileReference; lastKnownFileType = image.png; name = test_image.png; path = ../../test_image.png; sourceTree = "<group>"; };
		42FE04C813EAD10B00694837 /* SparkViewer.app */ = {isa = PBXFileReference; explicitFileType = wrapper.application; includeInIndex = 0; path = SparkViewer.app; sourceTree = BUILT_PRODUCTS_DIR; };
		42FE04CC13EAD10B00694837 /* UIKit.framework */ = {isa = PBXFileReference; lastKnownFileType = wrapper.framework; name = UIKit.framework; path = System/Library/Frameworks/UIKit.framework; sourceTree = SDKROOT; };
		42FE04CE13EAD10B00694837 /* Foundation.framework */ = {isa = PBXFileReference; lastKnownFileType = wrapper.framework; name = Foundation.framework; path = System/Library/Frameworks/Foundation.framework; sourceTree = SDKROOT; };
		42FE04D013EAD10B00694837 /* CoreGraphics.framework */ = {isa = PBXFileReference; lastKnownFileType = wrapper.framework; name = CoreGraphics.framework; path = System/Library/Frameworks/CoreGraphics.framework; sourceTree = SDKROOT; };
		42FE04D413EAD10B00694837 /* SparkViewer-Info.plist */ = {isa = PBXFileReference; lastKnownFileType = text.plist.xml; path = "SparkViewer-Info.plist"; sourceTree = "<group>"; };
		42FE04D613EAD10B00694837 /* en */ = {isa = PBXFileReference; lastKnownFileType = text.plist.strings; name = en; path = en.lproj/InfoPlist.strings; sourceTree = "<group>"; };
		42FE04D813EAD10B00694837 /* SparkViewer-Prefix.pch */ = {isa = PBXFileReference; lastKnownFileType = sourcecode.c.h; path = "SparkViewer-Prefix.pch"; sourceTree = "<group>"; };
		42FE04D913EAD10B00694837 /* main.m */ = {isa = PBXFileReference; lastKnownFileType = sourcecode.c.objc; path = main.m; sourceTree = "<group>"; };
		42FE04DB13EAD10C00694837 /* SparkViewerAppDelegate.h */ = {isa = PBXFileReference; lastKnownFileType = sourcecode.c.h; path = SparkViewerAppDelegate.h; sourceTree = "<group>"; };
		42FE04DC13EAD10C00694837 /* SparkViewerAppDelegate.m */ = {isa = PBXFileReference; lastKnownFileType = sourcecode.c.objc; path = SparkViewerAppDelegate.m; sourceTree = "<group>"; };
		42FE04DF13EAD10C00694837 /* en */ = {isa = PBXFileReference; lastKnownFileType = file.xib; name = en; path = en.lproj/MainWindow.xib; sourceTree = "<group>"; };
		42FE04E113EAD10C00694837 /* SparkViewerViewController.h */ = {isa = PBXFileReference; lastKnownFileType = sourcecode.c.h; path = SparkViewerViewController.h; sourceTree = "<group>"; };
		42FE04E213EAD10C00694837 /* SparkViewerViewController.mm */ = {isa = PBXFileReference; lastKnownFileType = sourcecode.cpp.objcpp; path = SparkViewerViewController.mm; sourceTree = "<group>"; };
		42FE04E513EAD10C00694837 /* en */ = {isa = PBXFileReference; lastKnownFileType = file.xib; name = en; path = en.lproj/SparkViewerViewController.xib; sourceTree = "<group>"; };
		42FE04EC13EAD10C00694837 /* SparkViewerTests.octest */ = {isa = PBXFileReference; explicitFileType = wrapper.cfbundle; includeInIndex = 0; path = SparkViewerTests.octest; sourceTree = BUILT_PRODUCTS_DIR; };
		42FE04F413EAD10C00694837 /* SparkViewerTests-Info.plist */ = {isa = PBXFileReference; lastKnownFileType = text.plist.xml; path = "SparkViewerTests-Info.plist"; sourceTree = "<group>"; };
		42FE04F613EAD10C00694837 /* en */ = {isa = PBXFileReference; lastKnownFileType = text.plist.strings; name = en; path = en.lproj/InfoPlist.strings; sourceTree = "<group>"; };
		42FE04F813EAD10C00694837 /* SparkViewerTests-Prefix.pch */ = {isa = PBXFileReference; lastKnownFileType = sourcecode.c.h; path = "SparkViewerTests-Prefix.pch"; sourceTree = "<group>"; };
		42FE04F913EAD10D00694837 /* SparkViewerTests.h */ = {isa = PBXFileReference; lastKnownFileType = sourcecode.c.h; path = SparkViewerTests.h; sourceTree = "<group>"; };
		42FE04FB13EAD10D00694837 /* SparkViewerTests.m */ = {isa = PBXFileReference; lastKnownFileType = sourcecode.c.objc; path = SparkViewerTests.m; sourceTree = "<group>"; };
		42FE066E13EBDE5400694837 /* Android.mk */ = {isa = PBXFileReference; fileEncoding = 4; lastKnownFileType = text; path = Android.mk; sourceTree = "<group>"; };
		42FE067013EBDE5400694837 /* Android.mk */ = {isa = PBXFileReference; fileEncoding = 4; lastKnownFileType = text; path = Android.mk; sourceTree = "<group>"; };
		42FE067113EBDE5400694837 /* CppEntry.cpp */ = {isa = PBXFileReference; fileEncoding = 4; lastKnownFileType = sourcecode.cpp.cpp; path = CppEntry.cpp; sourceTree = "<group>"; };
		42FE067213EBDE5400694837 /* CppEntry.h */ = {isa = PBXFileReference; fileEncoding = 4; lastKnownFileType = sourcecode.c.h; path = CppEntry.h; sourceTree = "<group>"; };
		42FE067313EBDE5400694837 /* log.h */ = {isa = PBXFileReference; fileEncoding = 4; lastKnownFileType = sourcecode.c.h; path = log.h; sourceTree = "<group>"; };
		42FE067413EBDE5400694837 /* XMLNode.cpp */ = {isa = PBXFileReference; fileEncoding = 4; lastKnownFileType = sourcecode.cpp.cpp; path = XMLNode.cpp; sourceTree = "<group>"; };
		42FE067513EBDE5400694837 /* XMLNode.h */ = {isa = PBXFileReference; fileEncoding = 4; lastKnownFileType = sourcecode.c.h; path = XMLNode.h; sourceTree = "<group>"; };
		42FE067613EBDE5400694837 /* XMLUtils.cpp */ = {isa = PBXFileReference; fileEncoding = 4; lastKnownFileType = sourcecode.cpp.cpp; path = XMLUtils.cpp; sourceTree = "<group>"; };
		42FE067713EBDE5400694837 /* XMLUtils.h */ = {isa = PBXFileReference; fileEncoding = 4; lastKnownFileType = sourcecode.c.h; path = XMLUtils.h; sourceTree = "<group>"; };
		42FE067F13EBDFA900694837 /* libxml2.dylib */ = {isa = PBXFileReference; lastKnownFileType = "compiled.mach-o.dylib"; name = libxml2.dylib; path = usr/lib/libxml2.dylib; sourceTree = SDKROOT; };
		42FE068C13EBEA9200694837 /* test.spark */ = {isa = PBXFileReference; fileEncoding = 4; lastKnownFileType = text.xml; name = test.spark; path = ../../../test.spark; sourceTree = "<group>"; };
/* End PBXFileReference section */

/* Begin PBXFrameworksBuildPhase section */
		42FE04C513EAD10B00694837 /* Frameworks */ = {
			isa = PBXFrameworksBuildPhase;
			buildActionMask = 2147483647;
			files = (
				42FE068013EBDFA900694837 /* libxml2.dylib in Frameworks */,
				42FE04CD13EAD10B00694837 /* UIKit.framework in Frameworks */,
				42FE04CF13EAD10B00694837 /* Foundation.framework in Frameworks */,
				42FE04D113EAD10B00694837 /* CoreGraphics.framework in Frameworks */,
			);
			runOnlyForDeploymentPostprocessing = 0;
		};
		42FE04E813EAD10C00694837 /* Frameworks */ = {
			isa = PBXFrameworksBuildPhase;
			buildActionMask = 2147483647;
			files = (
				42FE04ED13EAD10C00694837 /* UIKit.framework in Frameworks */,
				42FE04EE13EAD10C00694837 /* Foundation.framework in Frameworks */,
				42FE04EF13EAD10C00694837 /* CoreGraphics.framework in Frameworks */,
			);
			runOnlyForDeploymentPostprocessing = 0;
		};
/* End PBXFrameworksBuildPhase section */

/* Begin PBXGroup section */
		42FE04BD13EAD10B00694837 = {
			isa = PBXGroup;
			children = (
				42FE067F13EBDFA900694837 /* libxml2.dylib */,
				42FE04D213EAD10B00694837 /* SparkViewer */,
				42FE066D13EBDE5400694837 /* src */,
				42FE04F213EAD10C00694837 /* SparkViewerTests */,
				42FE04CB13EAD10B00694837 /* Frameworks */,
				42FE04C913EAD10B00694837 /* Products */,
			);
			sourceTree = "<group>";
		};
		42FE04C913EAD10B00694837 /* Products */ = {
			isa = PBXGroup;
			children = (
				42FE04C813EAD10B00694837 /* SparkViewer.app */,
				42FE04EC13EAD10C00694837 /* SparkViewerTests.octest */,
			);
			name = Products;
			sourceTree = "<group>";
		};
		42FE04CB13EAD10B00694837 /* Frameworks */ = {
			isa = PBXGroup;
			children = (
				42FE04CC13EAD10B00694837 /* UIKit.framework */,
				42FE04CE13EAD10B00694837 /* Foundation.framework */,
				42FE04D013EAD10B00694837 /* CoreGraphics.framework */,
			);
			name = Frameworks;
			sourceTree = "<group>";
		};
		42FE04D213EAD10B00694837 /* SparkViewer */ = {
			isa = PBXGroup;
			children = (
				42FE068B13EBE8C400694837 /* data */,
				42FE04DB13EAD10C00694837 /* SparkViewerAppDelegate.h */,
				42FE04DC13EAD10C00694837 /* SparkViewerAppDelegate.m */,
				42FE04DE13EAD10C00694837 /* MainWindow.xib */,
				42FE04E113EAD10C00694837 /* SparkViewerViewController.h */,
				42FE04E213EAD10C00694837 /* SparkViewerViewController.mm */,
				42FE04E413EAD10C00694837 /* SparkViewerViewController.xib */,
				42FE04D313EAD10B00694837 /* Supporting Files */,
			);
			path = SparkViewer;
			sourceTree = "<group>";
		};
		42FE04D313EAD10B00694837 /* Supporting Files */ = {
			isa = PBXGroup;
			children = (
				42FE04D413EAD10B00694837 /* SparkViewer-Info.plist */,
				42FE04D513EAD10B00694837 /* InfoPlist.strings */,
				42FE04D813EAD10B00694837 /* SparkViewer-Prefix.pch */,
				42FE04D913EAD10B00694837 /* main.m */,
			);
			name = "Supporting Files";
			sourceTree = "<group>";
		};
		42FE04F213EAD10C00694837 /* SparkViewerTests */ = {
			isa = PBXGroup;
			children = (
				42FE04F913EAD10D00694837 /* SparkViewerTests.h */,
				42FE04FB13EAD10D00694837 /* SparkViewerTests.m */,
				42FE04F313EAD10C00694837 /* Supporting Files */,
			);
			path = SparkViewerTests;
			sourceTree = "<group>";
		};
		42FE04F313EAD10C00694837 /* Supporting Files */ = {
			isa = PBXGroup;
			children = (
				42FE04F413EAD10C00694837 /* SparkViewerTests-Info.plist */,
				42FE04F513EAD10C00694837 /* InfoPlist.strings */,
				42FE04F813EAD10C00694837 /* SparkViewerTests-Prefix.pch */,
			);
			name = "Supporting Files";
			sourceTree = "<group>";
		};
		42FE066D13EBDE5400694837 /* src */ = {
			isa = PBXGroup;
			children = (
				42FE066E13EBDE5400694837 /* Android.mk */,
				42FE066F13EBDE5400694837 /* base */,
			);
			name = src;
			path = ../../core/src;
			sourceTree = "<group>";
		};
		42FE066F13EBDE5400694837 /* base */ = {
			isa = PBXGroup;
			children = (
				42FE067013EBDE5400694837 /* Android.mk */,
				42FE067113EBDE5400694837 /* CppEntry.cpp */,
				42FE067213EBDE5400694837 /* CppEntry.h */,
				42FE067313EBDE5400694837 /* log.h */,
				42FE067413EBDE5400694837 /* XMLNode.cpp */,
				42FE067513EBDE5400694837 /* XMLNode.h */,
				42FE067613EBDE5400694837 /* XMLUtils.cpp */,
				42FE067713EBDE5400694837 /* XMLUtils.h */,
			);
			path = base;
			sourceTree = "<group>";
		};
		42FE068B13EBE8C400694837 /* data */ = {
			isa = PBXGroup;
			children = (
				42FE068C13EBEA9200694837 /* test.spark */,
				421870CF13EFE38A00AC6498 /* test_image.png */,
			);
			name = data;
			sourceTree = "<group>";
		};
/* End PBXGroup section */

/* Begin PBXNativeTarget section */
		42FE04C713EAD10B00694837 /* SparkViewer */ = {
			isa = PBXNativeTarget;
			buildConfigurationList = 42FE04FF13EAD10D00694837 /* Build configuration list for PBXNativeTarget "SparkViewer" */;
			buildPhases = (
				42FE04C413EAD10B00694837 /* Sources */,
				42FE04C513EAD10B00694837 /* Frameworks */,
				42FE04C613EAD10B00694837 /* Resources */,
			);
			buildRules = (
			);
			dependencies = (
			);
			name = SparkViewer;
			productName = SparkViewer;
			productReference = 42FE04C813EAD10B00694837 /* SparkViewer.app */;
			productType = "com.apple.product-type.application";
		};
		42FE04EB13EAD10C00694837 /* SparkViewerTests */ = {
			isa = PBXNativeTarget;
			buildConfigurationList = 42FE050213EAD10D00694837 /* Build configuration list for PBXNativeTarget "SparkViewerTests" */;
			buildPhases = (
				42FE04E713EAD10C00694837 /* Sources */,
				42FE04E813EAD10C00694837 /* Frameworks */,
				42FE04E913EAD10C00694837 /* Resources */,
				42FE04EA13EAD10C00694837 /* ShellScript */,
			);
			buildRules = (
			);
			dependencies = (
				42FE04F113EAD10C00694837 /* PBXTargetDependency */,
			);
			name = SparkViewerTests;
			productName = SparkViewerTests;
			productReference = 42FE04EC13EAD10C00694837 /* SparkViewerTests.octest */;
			productType = "com.apple.product-type.bundle";
		};
/* End PBXNativeTarget section */

/* Begin PBXProject section */
		42FE04BF13EAD10B00694837 /* Project object */ = {
			isa = PBXProject;
			buildConfigurationList = 42FE04C213EAD10B00694837 /* Build configuration list for PBXProject "SparkViewer" */;
			compatibilityVersion = "Xcode 3.2";
			developmentRegion = English;
			hasScannedForEncodings = 0;
			knownRegions = (
				en,
			);
			mainGroup = 42FE04BD13EAD10B00694837;
			productRefGroup = 42FE04C913EAD10B00694837 /* Products */;
			projectDirPath = "";
			projectRoot = "";
			targets = (
				42FE04C713EAD10B00694837 /* SparkViewer */,
				42FE04EB13EAD10C00694837 /* SparkViewerTests */,
			);
		};
/* End PBXProject section */

/* Begin PBXResourcesBuildPhase section */
		42FE04C613EAD10B00694837 /* Resources */ = {
			isa = PBXResourcesBuildPhase;
			buildActionMask = 2147483647;
			files = (
				42FE04D713EAD10B00694837 /* InfoPlist.strings in Resources */,
				42FE04E013EAD10C00694837 /* MainWindow.xib in Resources */,
				42FE04E613EAD10C00694837 /* SparkViewerViewController.xib in Resources */,
				42FE068D13EBEA9200694837 /* test.spark in Resources */,
				421870D013EFE38A00AC6498 /* test_image.png in Resources */,
			);
			runOnlyForDeploymentPostprocessing = 0;
		};
		42FE04E913EAD10C00694837 /* Resources */ = {
			isa = PBXResourcesBuildPhase;
			buildActionMask = 2147483647;
			files = (
				42FE04F713EAD10C00694837 /* InfoPlist.strings in Resources */,
				42FE04FA13EAD10D00694837 /* SparkViewerTests.h in Resources */,
			);
			runOnlyForDeploymentPostprocessing = 0;
		};
/* End PBXResourcesBuildPhase section */

/* Begin PBXShellScriptBuildPhase section */
		42FE04EA13EAD10C00694837 /* ShellScript */ = {
			isa = PBXShellScriptBuildPhase;
			buildActionMask = 2147483647;
			files = (
			);
			inputPaths = (
			);
			outputPaths = (
			);
			runOnlyForDeploymentPostprocessing = 0;
			shellPath = /bin/sh;
			shellScript = "# Run the unit tests in this test bundle.\n\"${SYSTEM_DEVELOPER_DIR}/Tools/RunUnitTests\"\n";
		};
/* End PBXShellScriptBuildPhase section */

/* Begin PBXSourcesBuildPhase section */
		42FE04C413EAD10B00694837 /* Sources */ = {
			isa = PBXSourcesBuildPhase;
			buildActionMask = 2147483647;
			files = (
				42FE04DA13EAD10B00694837 /* main.m in Sources */,
				42FE04DD13EAD10C00694837 /* SparkViewerAppDelegate.m in Sources */,
				42FE04E313EAD10C00694837 /* SparkViewerViewController.mm in Sources */,
				42FE067A13EBDE5400694837 /* CppEntry.cpp in Sources */,
				42FE067B13EBDE5400694837 /* XMLNode.cpp in Sources */,
				42FE067C13EBDE5400694837 /* XMLUtils.cpp in Sources */,
			);
			runOnlyForDeploymentPostprocessing = 0;
		};
		42FE04E713EAD10C00694837 /* Sources */ = {
			isa = PBXSourcesBuildPhase;
			buildActionMask = 2147483647;
			files = (
				42FE04FC13EAD10D00694837 /* SparkViewerTests.m in Sources */,
			);
			runOnlyForDeploymentPostprocessing = 0;
		};
/* End PBXSourcesBuildPhase section */

/* Begin PBXTargetDependency section */
		42FE04F113EAD10C00694837 /* PBXTargetDependency */ = {
			isa = PBXTargetDependency;
			target = 42FE04C713EAD10B00694837 /* SparkViewer */;
			targetProxy = 42FE04F013EAD10C00694837 /* PBXContainerItemProxy */;
		};
/* End PBXTargetDependency section */

/* Begin PBXVariantGroup section */
		42FE04D513EAD10B00694837 /* InfoPlist.strings */ = {
			isa = PBXVariantGroup;
			children = (
				42FE04D613EAD10B00694837 /* en */,
			);
			name = InfoPlist.strings;
			sourceTree = "<group>";
		};
		42FE04DE13EAD10C00694837 /* MainWindow.xib */ = {
			isa = PBXVariantGroup;
			children = (
				42FE04DF13EAD10C00694837 /* en */,
			);
			name = MainWindow.xib;
			sourceTree = "<group>";
		};
		42FE04E413EAD10C00694837 /* SparkViewerViewController.xib */ = {
			isa = PBXVariantGroup;
			children = (
				42FE04E513EAD10C00694837 /* en */,
			);
			name = SparkViewerViewController.xib;
			sourceTree = "<group>";
		};
		42FE04F513EAD10C00694837 /* InfoPlist.strings */ = {
			isa = PBXVariantGroup;
			children = (
				42FE04F613EAD10C00694837 /* en */,
			);
			name = InfoPlist.strings;
			sourceTree = "<group>";
		};
/* End PBXVariantGroup section */

/* Begin XCBuildConfiguration section */
		42FE04FD13EAD10D00694837 /* Debug */ = {
			isa = XCBuildConfiguration;
			buildSettings = {
				ARCHS = "$(ARCHS_UNIVERSAL_IPHONE_OS)";
				"CODE_SIGN_IDENTITY[sdk=iphoneos*]" = "iPhone Developer";
				GCC_C_LANGUAGE_STANDARD = gnu99;
				GCC_OPTIMIZATION_LEVEL = 0;
				GCC_PREPROCESSOR_DEFINITIONS = DEBUG;
				GCC_SYMBOLS_PRIVATE_EXTERN = NO;
				GCC_VERSION = com.apple.compilers.llvmgcc42;
				GCC_WARN_ABOUT_RETURN_TYPE = YES;
				GCC_WARN_UNUSED_VARIABLE = YES;
				IPHONEOS_DEPLOYMENT_TARGET = 4.3;
				SDKROOT = iphoneos;
				TARGETED_DEVICE_FAMILY = 2;
			};
			name = Debug;
		};
		42FE04FE13EAD10D00694837 /* Release */ = {
			isa = XCBuildConfiguration;
			buildSettings = {
				ARCHS = "$(ARCHS_UNIVERSAL_IPHONE_OS)";
				"CODE_SIGN_IDENTITY[sdk=iphoneos*]" = "iPhone Developer";
				GCC_C_LANGUAGE_STANDARD = gnu99;
				GCC_VERSION = com.apple.compilers.llvmgcc42;
				GCC_WARN_ABOUT_RETURN_TYPE = YES;
				GCC_WARN_UNUSED_VARIABLE = YES;
				IPHONEOS_DEPLOYMENT_TARGET = 4.3;
				OTHER_CFLAGS = "-DNS_BLOCK_ASSERTIONS=1";
				SDKROOT = iphoneos;
				TARGETED_DEVICE_FAMILY = 2;
			};
			name = Release;
		};
		42FE050013EAD10D00694837 /* Debug */ = {
			isa = XCBuildConfiguration;
			buildSettings = {
				ALWAYS_SEARCH_USER_PATHS = NO;
				COPY_PHASE_STRIP = NO;
				GCC_DYNAMIC_NO_PIC = NO;
				GCC_PRECOMPILE_PREFIX_HEADER = YES;
				GCC_PREFIX_HEADER = "SparkViewer/SparkViewer-Prefix.pch";
				HEADER_SEARCH_PATHS = /Developer/Platforms/iPhoneOS.platform/Developer/SDKs/iPhoneOS4.3.sdk/usr/include/libxml2;
				INFOPLIST_FILE = "SparkViewer/SparkViewer-Info.plist";
				PRODUCT_NAME = "$(TARGET_NAME)";
				VALIDATE_PRODUCT = NO;
				WRAPPER_EXTENSION = app;
			};
			name = Debug;
		};
		42FE050113EAD10D00694837 /* Release */ = {
			isa = XCBuildConfiguration;
			buildSettings = {
				ALWAYS_SEARCH_USER_PATHS = NO;
				COPY_PHASE_STRIP = YES;
				GCC_PRECOMPILE_PREFIX_HEADER = YES;
				GCC_PREFIX_HEADER = "SparkViewer/SparkViewer-Prefix.pch";
				HEADER_SEARCH_PATHS = /Developer/Platforms/iPhoneOS.platform/Developer/SDKs/iPhoneOS4.3.sdk/usr/include/libxml2;
				INFOPLIST_FILE = "SparkViewer/SparkViewer-Info.plist";
				PRODUCT_NAME = "$(TARGET_NAME)";
				VALIDATE_PRODUCT = YES;
				WRAPPER_EXTENSION = app;
			};
			name = Release;
		};
		42FE050313EAD10D00694837 /* Debug */ = {
			isa = XCBuildConfiguration;
			buildSettings = {
				ALWAYS_SEARCH_USER_PATHS = NO;
				ARCHS = "$(ARCHS_STANDARD_32_BIT)";
				BUNDLE_LOADER = "$(BUILT_PRODUCTS_DIR)/SparkViewer.app/SparkViewer";
				FRAMEWORK_SEARCH_PATHS = (
					"$(SDKROOT)/Developer/Library/Frameworks",
					"$(DEVELOPER_LIBRARY_DIR)/Frameworks",
				);
				GCC_PRECOMPILE_PREFIX_HEADER = YES;
				GCC_PREFIX_HEADER = "SparkViewerTests/SparkViewerTests-Prefix.pch";
				INFOPLIST_FILE = "SparkViewerTests/SparkViewerTests-Info.plist";
				OTHER_LDFLAGS = (
					"-framework",
					SenTestingKit,
				);
				PRODUCT_NAME = "$(TARGET_NAME)";
				TEST_HOST = "$(BUNDLE_LOADER)";
				WRAPPER_EXTENSION = octest;
			};
			name = Debug;
		};
		42FE050413EAD10D00694837 /* Release */ = {
			isa = XCBuildConfiguration;
			buildSettings = {
				ALWAYS_SEARCH_USER_PATHS = NO;
				ARCHS = "$(ARCHS_STANDARD_32_BIT)";
				BUNDLE_LOADER = "$(BUILT_PRODUCTS_DIR)/SparkViewer.app/SparkViewer";
				FRAMEWORK_SEARCH_PATHS = (
					"$(SDKROOT)/Developer/Library/Frameworks",
					"$(DEVELOPER_LIBRARY_DIR)/Frameworks",
				);
				GCC_PRECOMPILE_PREFIX_HEADER = YES;
				GCC_PREFIX_HEADER = "SparkViewerTests/SparkViewerTests-Prefix.pch";
				INFOPLIST_FILE = "SparkViewerTests/SparkViewerTests-Info.plist";
				OTHER_LDFLAGS = (
					"-framework",
					SenTestingKit,
				);
				PRODUCT_NAME = "$(TARGET_NAME)";
				TEST_HOST = "$(BUNDLE_LOADER)";
				WRAPPER_EXTENSION = octest;
			};
			name = Release;
		};
/* End XCBuildConfiguration section */

/* Begin XCConfigurationList section */
		42FE04C213EAD10B00694837 /* Build configuration list for PBXProject "SparkViewer" */ = {
			isa = XCConfigurationList;
			buildConfigurations = (
				42FE04FD13EAD10D00694837 /* Debug */,
				42FE04FE13EAD10D00694837 /* Release */,
			);
			defaultConfigurationIsVisible = 0;
			defaultConfigurationName = Release;
		};
		42FE04FF13EAD10D00694837 /* Build configuration list for PBXNativeTarget "SparkViewer" */ = {
			isa = XCConfigurationList;
			buildConfigurations = (
				42FE050013EAD10D00694837 /* Debug */,
				42FE050113EAD10D00694837 /* Release */,
			);
			defaultConfigurationIsVisible = 0;
			defaultConfigurationName = Release;
		};
		42FE050213EAD10D00694837 /* Build configuration list for PBXNativeTarget "SparkViewerTests" */ = {
			isa = XCConfigurationList;
			buildConfigurations = (
				42FE050313EAD10D00694837 /* Debug */,
				42FE050413EAD10D00694837 /* Release */,
			);
			defaultConfigurationIsVisible = 0;
			defaultConfigurationName = Release;
		};
/* End XCConfigurationList section */
	};
	rootObject = 42FE04BF13EAD10B00694837 /* Project object */;
}
